
Microsoft Visual Studio Solution File, Format Version 12.00
# Visual Studio 15
VisualStudioVersion = 15.0.27004.2009
MinimumVisualStudioVersion = 10.0.40219.1
Project("{FAE04EC0-301F-11D3-BF4B-00C04F79EFBC}") = "Day01", "Day1\Day01.csproj", "{039EE320-A5B8-4663-99B7-581463EDB27E}"
EndProject
Project("{FAE04EC0-301F-11D3-BF4B-00C04F79EFBC}") = "Day01_2", "Day1_2\Day01_2.csproj", "{9F74CC39-8B87-4044-B024-BF1A0E483551}"
EndProject
Global
	GlobalSection(SolutionConfigurationPlatforms) = preSolution
		Debug|Any CPU = Debug|Any CPU
		Release|Any CPU = Release|Any CPU
	EndGlobalSection
	GlobalSection(ProjectConfigurationPlatforms) = postSolution
		{039EE320-A5B8-4663-99B7-581463EDB27E}.Debug|Any CPU.ActiveCfg = Debug|Any CPU
		{039EE320-A5B8-4663-99B7-581463EDB27E}.Debug|Any CPU.Build.0 = Debug|Any CPU
		{039EE320-A5B8-4663-99B7-581463EDB27E}.Release|Any CPU.ActiveCfg = Release|Any CPU
		{039EE320-A5B8-4663-99B7-581463EDB27E}.Release|Any CPU.Build.0 = Release|Any CPU
		{9F74CC39-8B87-4044-B024-BF1A0E483551}.Debug|Any CPU.ActiveCfg = Debug|Any CPU
		{9F74CC39-8B87-4044-B024-BF1A0E483551}.Debug|Any CPU.Build.0 = Debug|Any CPU
		{9F74CC39-8B87-4044-B024-BF1A0E483551}.Release|Any CPU.ActiveCfg = Release|Any CPU
		{9F74CC39-8B87-4044-B024-BF1A0E483551}.Release|Any CPU.Build.0 = Release|Any CPU
	EndGlobalSection
	GlobalSection(SolutionProperties) = preSolution
		HideSolutionNode = FALSE
	EndGlobalSection
	GlobalSection(ExtensibilityGlobals) = postSolution
		SolutionGuid = {03FF71E6-01DE-47BE-8187-7800873B8ED9}
	EndGlobalSection
EndGlobal
