
Microsoft Visual Studio Solution File, Format Version 12.00
# Visual Studio 15
VisualStudioVersion = 15.0.27130.0
MinimumVisualStudioVersion = 10.0.40219.1
Project("{FAE04EC0-301F-11D3-BF4B-00C04F79EFBC}") = "Day01", "Day01\Day01.csproj", "{039EE320-A5B8-4663-99B7-581463EDB27E}"
EndProject
Project("{FAE04EC0-301F-11D3-BF4B-00C04F79EFBC}") = "Day01_2", "Day01_2\Day01_2.csproj", "{9F74CC39-8B87-4044-B024-BF1A0E483551}"
EndProject
Project("{FAE04EC0-301F-11D3-BF4B-00C04F79EFBC}") = "AdventOfCodeInputReader", "AdventOfCodeInputReader\AdventOfCodeInputReader.csproj", "{E310157E-6FBE-4626-ABD9-7AEC9F095226}"
EndProject
Project("{FAE04EC0-301F-11D3-BF4B-00C04F79EFBC}") = "Day02", "Day02\Day02.csproj", "{96E262F5-6C5E-4302-941A-18E823AAA89E}"
EndProject
Project("{FAE04EC0-301F-11D3-BF4B-00C04F79EFBC}") = "Day02_2", "Day02_2\Day02_2.csproj", "{5AB28C8A-56D0-4DC5-B44D-6BD4B69D48EC}"
EndProject
Project("{FAE04EC0-301F-11D3-BF4B-00C04F79EFBC}") = "Day03", "Day03\Day03.csproj", "{F8C68C44-03A9-41A5-BF02-630EABED435A}"
EndProject
Project("{FAE04EC0-301F-11D3-BF4B-00C04F79EFBC}") = "Day03_2", "Day03_2\Day03_2.csproj", "{EF6F3C37-DEDC-474F-AFDC-A99BB3D5E16A}"
EndProject
Project("{FAE04EC0-301F-11D3-BF4B-00C04F79EFBC}") = "Day04", "Day04\Day04.csproj", "{51F3FCB5-6D5A-470D-B27B-BA1384601269}"
EndProject
Project("{FAE04EC0-301F-11D3-BF4B-00C04F79EFBC}") = "Day04_2", "Day04_2\Day04_2.csproj", "{11198E66-78F8-4A18-A1C9-ABA6A8DF5964}"
EndProject
Project("{FAE04EC0-301F-11D3-BF4B-00C04F79EFBC}") = "Day05", "Day05\Day05.csproj", "{A1F2861B-A616-43F4-980A-C88711B4A359}"
EndProject
Project("{FAE04EC0-301F-11D3-BF4B-00C04F79EFBC}") = "Day05_2", "Day05_2\Day05_2.csproj", "{4FA7484E-2EF8-4C43-A00F-901692F22331}"
EndProject
Project("{FAE04EC0-301F-11D3-BF4B-00C04F79EFBC}") = "Day06", "Day06\Day06.csproj", "{2D642401-DACB-494E-A294-FFF00AFA415A}"
EndProject
Project("{FAE04EC0-301F-11D3-BF4B-00C04F79EFBC}") = "Day06_2", "Day06_2\Day06_2.csproj", "{42011897-3F26-4DA9-B28E-1495D84C57D4}"
EndProject
Project("{FAE04EC0-301F-11D3-BF4B-00C04F79EFBC}") = "Day07", "Day07\Day07.csproj", "{08A10A29-2F6F-4620-B980-984D5D999EDE}"
EndProject
Project("{FAE04EC0-301F-11D3-BF4B-00C04F79EFBC}") = "Day07_2", "Day07_2\Day07_2.csproj", "{80E9F7FF-DF6B-4834-880B-FD9A99330378}"
EndProject
Global
	GlobalSection(SolutionConfigurationPlatforms) = preSolution
		Debug|Any CPU = Debug|Any CPU
		Release|Any CPU = Release|Any CPU
	EndGlobalSection
	GlobalSection(ProjectConfigurationPlatforms) = postSolution
		{039EE320-A5B8-4663-99B7-581463EDB27E}.Debug|Any CPU.ActiveCfg = Debug|Any CPU
		{039EE320-A5B8-4663-99B7-581463EDB27E}.Debug|Any CPU.Build.0 = Debug|Any CPU
		{039EE320-A5B8-4663-99B7-581463EDB27E}.Release|Any CPU.ActiveCfg = Release|Any CPU
		{039EE320-A5B8-4663-99B7-581463EDB27E}.Release|Any CPU.Build.0 = Release|Any CPU
		{9F74CC39-8B87-4044-B024-BF1A0E483551}.Debug|Any CPU.ActiveCfg = Debug|Any CPU
		{9F74CC39-8B87-4044-B024-BF1A0E483551}.Debug|Any CPU.Build.0 = Debug|Any CPU
		{9F74CC39-8B87-4044-B024-BF1A0E483551}.Release|Any CPU.ActiveCfg = Release|Any CPU
		{9F74CC39-8B87-4044-B024-BF1A0E483551}.Release|Any CPU.Build.0 = Release|Any CPU
		{E310157E-6FBE-4626-ABD9-7AEC9F095226}.Debug|Any CPU.ActiveCfg = Debug|Any CPU
		{E310157E-6FBE-4626-ABD9-7AEC9F095226}.Debug|Any CPU.Build.0 = Debug|Any CPU
		{E310157E-6FBE-4626-ABD9-7AEC9F095226}.Release|Any CPU.ActiveCfg = Release|Any CPU
		{E310157E-6FBE-4626-ABD9-7AEC9F095226}.Release|Any CPU.Build.0 = Release|Any CPU
		{96E262F5-6C5E-4302-941A-18E823AAA89E}.Debug|Any CPU.ActiveCfg = Debug|Any CPU
		{96E262F5-6C5E-4302-941A-18E823AAA89E}.Debug|Any CPU.Build.0 = Debug|Any CPU
		{96E262F5-6C5E-4302-941A-18E823AAA89E}.Release|Any CPU.ActiveCfg = Release|Any CPU
		{96E262F5-6C5E-4302-941A-18E823AAA89E}.Release|Any CPU.Build.0 = Release|Any CPU
		{5AB28C8A-56D0-4DC5-B44D-6BD4B69D48EC}.Debug|Any CPU.ActiveCfg = Debug|Any CPU
		{5AB28C8A-56D0-4DC5-B44D-6BD4B69D48EC}.Debug|Any CPU.Build.0 = Debug|Any CPU
		{5AB28C8A-56D0-4DC5-B44D-6BD4B69D48EC}.Release|Any CPU.ActiveCfg = Release|Any CPU
		{5AB28C8A-56D0-4DC5-B44D-6BD4B69D48EC}.Release|Any CPU.Build.0 = Release|Any CPU
		{F8C68C44-03A9-41A5-BF02-630EABED435A}.Debug|Any CPU.ActiveCfg = Debug|Any CPU
		{F8C68C44-03A9-41A5-BF02-630EABED435A}.Debug|Any CPU.Build.0 = Debug|Any CPU
		{F8C68C44-03A9-41A5-BF02-630EABED435A}.Release|Any CPU.ActiveCfg = Release|Any CPU
		{F8C68C44-03A9-41A5-BF02-630EABED435A}.Release|Any CPU.Build.0 = Release|Any CPU
		{EF6F3C37-DEDC-474F-AFDC-A99BB3D5E16A}.Debug|Any CPU.ActiveCfg = Debug|Any CPU
		{EF6F3C37-DEDC-474F-AFDC-A99BB3D5E16A}.Debug|Any CPU.Build.0 = Debug|Any CPU
		{EF6F3C37-DEDC-474F-AFDC-A99BB3D5E16A}.Release|Any CPU.ActiveCfg = Release|Any CPU
		{EF6F3C37-DEDC-474F-AFDC-A99BB3D5E16A}.Release|Any CPU.Build.0 = Release|Any CPU
		{51F3FCB5-6D5A-470D-B27B-BA1384601269}.Debug|Any CPU.ActiveCfg = Debug|Any CPU
		{51F3FCB5-6D5A-470D-B27B-BA1384601269}.Debug|Any CPU.Build.0 = Debug|Any CPU
		{51F3FCB5-6D5A-470D-B27B-BA1384601269}.Release|Any CPU.ActiveCfg = Release|Any CPU
		{51F3FCB5-6D5A-470D-B27B-BA1384601269}.Release|Any CPU.Build.0 = Release|Any CPU
		{11198E66-78F8-4A18-A1C9-ABA6A8DF5964}.Debug|Any CPU.ActiveCfg = Debug|Any CPU
		{11198E66-78F8-4A18-A1C9-ABA6A8DF5964}.Debug|Any CPU.Build.0 = Debug|Any CPU
		{11198E66-78F8-4A18-A1C9-ABA6A8DF5964}.Release|Any CPU.ActiveCfg = Release|Any CPU
		{11198E66-78F8-4A18-A1C9-ABA6A8DF5964}.Release|Any CPU.Build.0 = Release|Any CPU
		{A1F2861B-A616-43F4-980A-C88711B4A359}.Debug|Any CPU.ActiveCfg = Debug|Any CPU
		{A1F2861B-A616-43F4-980A-C88711B4A359}.Debug|Any CPU.Build.0 = Debug|Any CPU
		{A1F2861B-A616-43F4-980A-C88711B4A359}.Release|Any CPU.ActiveCfg = Release|Any CPU
		{A1F2861B-A616-43F4-980A-C88711B4A359}.Release|Any CPU.Build.0 = Release|Any CPU
		{4FA7484E-2EF8-4C43-A00F-901692F22331}.Debug|Any CPU.ActiveCfg = Debug|Any CPU
		{4FA7484E-2EF8-4C43-A00F-901692F22331}.Debug|Any CPU.Build.0 = Debug|Any CPU
		{4FA7484E-2EF8-4C43-A00F-901692F22331}.Release|Any CPU.ActiveCfg = Release|Any CPU
		{4FA7484E-2EF8-4C43-A00F-901692F22331}.Release|Any CPU.Build.0 = Release|Any CPU
		{2D642401-DACB-494E-A294-FFF00AFA415A}.Debug|Any CPU.ActiveCfg = Debug|Any CPU
		{2D642401-DACB-494E-A294-FFF00AFA415A}.Debug|Any CPU.Build.0 = Debug|Any CPU
		{2D642401-DACB-494E-A294-FFF00AFA415A}.Release|Any CPU.ActiveCfg = Release|Any CPU
		{2D642401-DACB-494E-A294-FFF00AFA415A}.Release|Any CPU.Build.0 = Release|Any CPU
		{42011897-3F26-4DA9-B28E-1495D84C57D4}.Debug|Any CPU.ActiveCfg = Debug|Any CPU
		{42011897-3F26-4DA9-B28E-1495D84C57D4}.Debug|Any CPU.Build.0 = Debug|Any CPU
		{42011897-3F26-4DA9-B28E-1495D84C57D4}.Release|Any CPU.ActiveCfg = Release|Any CPU
		{42011897-3F26-4DA9-B28E-1495D84C57D4}.Release|Any CPU.Build.0 = Release|Any CPU
		{08A10A29-2F6F-4620-B980-984D5D999EDE}.Debug|Any CPU.ActiveCfg = Debug|Any CPU
		{08A10A29-2F6F-4620-B980-984D5D999EDE}.Debug|Any CPU.Build.0 = Debug|Any CPU
		{08A10A29-2F6F-4620-B980-984D5D999EDE}.Release|Any CPU.ActiveCfg = Release|Any CPU
		{08A10A29-2F6F-4620-B980-984D5D999EDE}.Release|Any CPU.Build.0 = Release|Any CPU
		{80E9F7FF-DF6B-4834-880B-FD9A99330378}.Debug|Any CPU.ActiveCfg = Debug|Any CPU
		{80E9F7FF-DF6B-4834-880B-FD9A99330378}.Debug|Any CPU.Build.0 = Debug|Any CPU
		{80E9F7FF-DF6B-4834-880B-FD9A99330378}.Release|Any CPU.ActiveCfg = Release|Any CPU
		{80E9F7FF-DF6B-4834-880B-FD9A99330378}.Release|Any CPU.Build.0 = Release|Any CPU
	EndGlobalSection
	GlobalSection(SolutionProperties) = preSolution
		HideSolutionNode = FALSE
	EndGlobalSection
	GlobalSection(ExtensibilityGlobals) = postSolution
		SolutionGuid = {03FF71E6-01DE-47BE-8187-7800873B8ED9}
	EndGlobalSection
EndGlobal
